// !$*UTF8*$!
{
	archiveVersion = 1;
	classes = {
	};
	objectVersion = 46;
	objects = {

/* Begin PBXBuildFile section */
		83CC4F0D1AD0BDBA00712832 /* AppDelegate.swift in Sources */ = {isa = PBXBuildFile; fileRef = 83CC4F0C1AD0BDBA00712832 /* AppDelegate.swift */; };
		83CC4F0F1AD0BDBA00712832 /* ViewController.swift in Sources */ = {isa = PBXBuildFile; fileRef = 83CC4F0E1AD0BDBA00712832 /* ViewController.swift */; };
		83CC4F121AD0BDBA00712832 /* Main.storyboard in Resources */ = {isa = PBXBuildFile; fileRef = 83CC4F101AD0BDBA00712832 /* Main.storyboard */; };
		83CC4F141AD0BDBA00712832 /* Images.xcassets in Resources */ = {isa = PBXBuildFile; fileRef = 83CC4F131AD0BDBA00712832 /* Images.xcassets */; };
		83CC4F171AD0BDBA00712832 /* LaunchScreen.xib in Resources */ = {isa = PBXBuildFile; fileRef = 83CC4F151AD0BDBA00712832 /* LaunchScreen.xib */; };
		83CC4F231AD0BDBA00712832 /* Postcard2Tests.swift in Sources */ = {isa = PBXBuildFile; fileRef = 83CC4F221AD0BDBA00712832 /* Postcard2Tests.swift */; };
/* End PBXBuildFile section */

/* Begin PBXContainerItemProxy section */
		83CC4F1D1AD0BDBA00712832 /* PBXContainerItemProxy */ = {
			isa = PBXContainerItemProxy;
			containerPortal = 83CC4EFF1AD0BDBA00712832 /* Project object */;
			proxyType = 1;
			remoteGlobalIDString = 83CC4F061AD0BDBA00712832;
			remoteInfo = Postcard2;
		};
/* End PBXContainerItemProxy section */

/* Begin PBXFileReference section */
		83CC4F071AD0BDBA00712832 /* Postcard2.app */ = {isa = PBXFileReference; explicitFileType = wrapper.application; includeInIndex = 0; path = Postcard2.app; sourceTree = BUILT_PRODUCTS_DIR; };
		83CC4F0B1AD0BDBA00712832 /* Info.plist */ = {isa = PBXFileReference; lastKnownFileType = text.plist.xml; path = Info.plist; sourceTree = "<group>"; };
		83CC4F0C1AD0BDBA00712832 /* AppDelegate.swift */ = {isa = PBXFileReference; lastKnownFileType = sourcecode.swift; path = AppDelegate.swift; sourceTree = "<group>"; };
		83CC4F0E1AD0BDBA00712832 /* ViewController.swift */ = {isa = PBXFileReference; lastKnownFileType = sourcecode.swift; path = ViewController.swift; sourceTree = "<group>"; };
		83CC4F111AD0BDBA00712832 /* Base */ = {isa = PBXFileReference; lastKnownFileType = file.storyboard; name = Base; path = Base.lproj/Main.storyboard; sourceTree = "<group>"; };
		83CC4F131AD0BDBA00712832 /* Images.xcassets */ = {isa = PBXFileReference; lastKnownFileType = folder.assetcatalog; path = Images.xcassets; sourceTree = "<group>"; };
		83CC4F161AD0BDBA00712832 /* Base */ = {isa = PBXFileReference; lastKnownFileType = file.xib; name = Base; path = Base.lproj/LaunchScreen.xib; sourceTree = "<group>"; };
		83CC4F1C1AD0BDBA00712832 /* Postcard2Tests.xctest */ = {isa = PBXFileReference; explicitFileType = wrapper.cfbundle; includeInIndex = 0; path = Postcard2Tests.xctest; sourceTree = BUILT_PRODUCTS_DIR; };
		83CC4F211AD0BDBA00712832 /* Info.plist */ = {isa = PBXFileReference; lastKnownFileType = text.plist.xml; path = Info.plist; sourceTree = "<group>"; };
		83CC4F221AD0BDBA00712832 /* Postcard2Tests.swift */ = {isa = PBXFileReference; lastKnownFileType = sourcecode.swift; path = Postcard2Tests.swift; sourceTree = "<group>"; };
/* End PBXFileReference section */

/* Begin PBXFrameworksBuildPhase section */
		83CC4F041AD0BDBA00712832 /* Frameworks */ = {
			isa = PBXFrameworksBuildPhase;
			buildActionMask = 2147483647;
			files = (
			);
			runOnlyForDeploymentPostprocessing = 0;
		};
		83CC4F191AD0BDBA00712832 /* Frameworks */ = {
			isa = PBXFrameworksBuildPhase;
			buildActionMask = 2147483647;
			files = (
			);
			runOnlyForDeploymentPostprocessing = 0;
		};
/* End PBXFrameworksBuildPhase section */

/* Begin PBXGroup section */
		83CC4EFE1AD0BDBA00712832 = {
			isa = PBXGroup;
			children = (
				83CC4F091AD0BDBA00712832 /* Postcard2 */,
				83CC4F1F1AD0BDBA00712832 /* Postcard2Tests */,
				83CC4F081AD0BDBA00712832 /* Products */,
			);
			sourceTree = "<group>";
		};
		83CC4F081AD0BDBA00712832 /* Products */ = {
			isa = PBXGroup;
			children = (
				83CC4F071AD0BDBA00712832 /* Postcard2.app */,
				83CC4F1C1AD0BDBA00712832 /* Postcard2Tests.xctest */,
			);
			name = Products;
			sourceTree = "<group>";
		};
		83CC4F091AD0BDBA00712832 /* Postcard2 */ = {
			isa = PBXGroup;
			children = (
				83CC4F0C1AD0BDBA00712832 /* AppDelegate.swift */,
				83CC4F0E1AD0BDBA00712832 /* ViewController.swift */,
				83CC4F101AD0BDBA00712832 /* Main.storyboard */,
				83CC4F131AD0BDBA00712832 /* Images.xcassets */,
				83CC4F151AD0BDBA00712832 /* LaunchScreen.xib */,
				83CC4F0A1AD0BDBA00712832 /* Supporting Files */,
			);
			path = Postcard2;
			sourceTree = "<group>";
		};
		83CC4F0A1AD0BDBA00712832 /* Supporting Files */ = {
			isa = PBXGroup;
			children = (
				83CC4F0B1AD0BDBA00712832 /* Info.plist */,
			);
			name = "Supporting Files";
			sourceTree = "<group>";
		};
		83CC4F1F1AD0BDBA00712832 /* Postcard2Tests */ = {
			isa = PBXGroup;
			children = (
				83CC4F221AD0BDBA00712832 /* Postcard2Tests.swift */,
				83CC4F201AD0BDBA00712832 /* Supporting Files */,
			);
			path = Postcard2Tests;
			sourceTree = "<group>";
		};
		83CC4F201AD0BDBA00712832 /* Supporting Files */ = {
			isa = PBXGroup;
			children = (
				83CC4F211AD0BDBA00712832 /* Info.plist */,
			);
			name = "Supporting Files";
			sourceTree = "<group>";
		};
/* End PBXGroup section */

/* Begin PBXNativeTarget section */
		83CC4F061AD0BDBA00712832 /* Postcard2 */ = {
			isa = PBXNativeTarget;
			buildConfigurationList = 83CC4F261AD0BDBA00712832 /* Build configuration list for PBXNativeTarget "Postcard2" */;
			buildPhases = (
				83CC4F031AD0BDBA00712832 /* Sources */,
				83CC4F041AD0BDBA00712832 /* Frameworks */,
				83CC4F051AD0BDBA00712832 /* Resources */,
			);
			buildRules = (
			);
			dependencies = (
			);
			name = Postcard2;
			productName = Postcard2;
			productReference = 83CC4F071AD0BDBA00712832 /* Postcard2.app */;
			productType = "com.apple.product-type.application";
		};
		83CC4F1B1AD0BDBA00712832 /* Postcard2Tests */ = {
			isa = PBXNativeTarget;
			buildConfigurationList = 83CC4F291AD0BDBA00712832 /* Build configuration list for PBXNativeTarget "Postcard2Tests" */;
			buildPhases = (
				83CC4F181AD0BDBA00712832 /* Sources */,
				83CC4F191AD0BDBA00712832 /* Frameworks */,
				83CC4F1A1AD0BDBA00712832 /* Resources */,
			);
			buildRules = (
			);
			dependencies = (
				83CC4F1E1AD0BDBA00712832 /* PBXTargetDependency */,
			);
			name = Postcard2Tests;
			productName = Postcard2Tests;
			productReference = 83CC4F1C1AD0BDBA00712832 /* Postcard2Tests.xctest */;
			productType = "com.apple.product-type.bundle.unit-test";
		};
/* End PBXNativeTarget section */

/* Begin PBXProject section */
		83CC4EFF1AD0BDBA00712832 /* Project object */ = {
			isa = PBXProject;
			attributes = {
				LastUpgradeCheck = 0620;
				ORGANIZATIONNAME = "Brett Chang";
				TargetAttributes = {
					83CC4F061AD0BDBA00712832 = {
						CreatedOnToolsVersion = 6.2;
					};
					83CC4F1B1AD0BDBA00712832 = {
						CreatedOnToolsVersion = 6.2;
						TestTargetID = 83CC4F061AD0BDBA00712832;
					};
				};
			};
			buildConfigurationList = 83CC4F021AD0BDBA00712832 /* Build configuration list for PBXProject "Postcard2" */;
			compatibilityVersion = "Xcode 3.2";
			developmentRegion = English;
			hasScannedForEncodings = 0;
			knownRegions = (
				en,
				Base,
			);
			mainGroup = 83CC4EFE1AD0BDBA00712832;
			productRefGroup = 83CC4F081AD0BDBA00712832 /* Products */;
			projectDirPath = "";
			projectRoot = "";
			targets = (
				83CC4F061AD0BDBA00712832 /* Postcard2 */,
				83CC4F1B1AD0BDBA00712832 /* Postcard2Tests */,
			);
		};
/* End PBXProject section */

/* Begin PBXResourcesBuildPhase section */
		83CC4F051AD0BDBA00712832 /* Resources */ = {
			isa = PBXResourcesBuildPhase;
			buildActionMask = 2147483647;
			files = (
				83CC4F121AD0BDBA00712832 /* Main.storyboard in Resources */,
				83CC4F171AD0BDBA00712832 /* LaunchScreen.xib in Resources */,
				83CC4F141AD0BDBA00712832 /* Images.xcassets in Resources */,
			);
			runOnlyForDeploymentPostprocessing = 0;
		};
		83CC4F1A1AD0BDBA00712832 /* Resources */ = {
			isa = PBXResourcesBuildPhase;
			buildActionMask = 2147483647;
			files = (
			);
			runOnlyForDeploymentPostprocessing = 0;
		};
/* End PBXResourcesBuildPhase section */

/* Begin PBXSourcesBuildPhase section */
		83CC4F031AD0BDBA00712832 /* Sources */ = {
			isa = PBXSourcesBuildPhase;
			buildActionMask = 2147483647;
			files = (
				83CC4F0F1AD0BDBA00712832 /* ViewController.swift in Sources */,
				83CC4F0D1AD0BDBA00712832 /* AppDelegate.swift in Sources */,
			);
			runOnlyForDeploymentPostprocessing = 0;
		};
		83CC4F181AD0BDBA00712832 /* Sources */ = {
			isa = PBXSourcesBuildPhase;
			buildActionMask = 2147483647;
			files = (
				83CC4F231AD0BDBA00712832 /* Postcard2Tests.swift in Sources */,
			);
			runOnlyForDeploymentPostprocessing = 0;
		};
/* End PBXSourcesBuildPhase section */

/* Begin PBXTargetDependency section */
		83CC4F1E1AD0BDBA00712832 /* PBXTargetDependency */ = {
			isa = PBXTargetDependency;
			target = 83CC4F061AD0BDBA00712832 /* Postcard2 */;
			targetProxy = 83CC4F1D1AD0BDBA00712832 /* PBXContainerItemProxy */;
		};
/* End PBXTargetDependency section */

/* Begin PBXVariantGroup section */
		83CC4F101AD0BDBA00712832 /* Main.storyboard */ = {
			isa = PBXVariantGroup;
			children = (
				83CC4F111AD0BDBA00712832 /* Base */,
			);
			name = Main.storyboard;
			sourceTree = "<group>";
		};
		83CC4F151AD0BDBA00712832 /* LaunchScreen.xib */ = {
			isa = PBXVariantGroup;
			children = (
				83CC4F161AD0BDBA00712832 /* Base */,
			);
			name = LaunchScreen.xib;
			sourceTree = "<group>";
		};
/* End PBXVariantGroup section */

/* Begin XCBuildConfiguration section */
		83CC4F241AD0BDBA00712832 /* Debug */ = {
			isa = XCBuildConfiguration;
			buildSettings = {
				ALWAYS_SEARCH_USER_PATHS = NO;
				CLANG_CXX_LANGUAGE_STANDARD = "gnu++0x";
				CLANG_CXX_LIBRARY = "libc++";
				CLANG_ENABLE_MODULES = YES;
				CLANG_ENABLE_OBJC_ARC = YES;
				CLANG_WARN_BOOL_CONVERSION = YES;
				CLANG_WARN_CONSTANT_CONVERSION = YES;
				CLANG_WARN_DIRECT_OBJC_ISA_USAGE = YES_ERROR;
				CLANG_WARN_EMPTY_BODY = YES;
				CLANG_WARN_ENUM_CONVERSION = YES;
				CLANG_WARN_INT_CONVERSION = YES;
				CLANG_WARN_OBJC_ROOT_CLASS = YES_ERROR;
				CLANG_WARN_UNREACHABLE_CODE = YES;
				CLANG_WARN__DUPLICATE_METHOD_MATCH = YES;
				"CODE_SIGN_IDENTITY[sdk=iphoneos*]" = "iPhone Developer";
				COPY_PHASE_STRIP = NO;
				ENABLE_STRICT_OBJC_MSGSEND = YES;
				GCC_C_LANGUAGE_STANDARD = gnu99;
				GCC_DYNAMIC_NO_PIC = NO;
				GCC_OPTIMIZATION_LEVEL = 0;
				GCC_PREPROCESSOR_DEFINITIONS = (
					"DEBUG=1",
					"$(inherited)",
				);
				GCC_SYMBOLS_PRIVATE_EXTERN = NO;
				GCC_WARN_64_TO_32_BIT_CONVERSION = YES;
				GCC_WARN_ABOUT_RETURN_TYPE = YES_ERROR;
				GCC_WARN_UNDECLARED_SELECTOR = YES;
				GCC_WARN_UNINITIALIZED_AUTOS = YES_AGGRESSIVE;
				GCC_WARN_UNUSED_FUNCTION = YES;
				GCC_WARN_UNUSED_VARIABLE = YES;
				IPHONEOS_DEPLOYMENT_TARGET = 8.2;
				MTL_ENABLE_DEBUG_INFO = YES;
				ONLY_ACTIVE_ARCH = YES;
				SDKROOT = iphoneos;
				SWIFT_OPTIMIZATION_LEVEL = "-Onone";
				TARGETED_DEVICE_FAMILY = "1,2";
			};
			name = Debug;
		};
		83CC4F251AD0BDBA00712832 /* Release */ = {
			isa = XCBuildConfiguration;
			buildSettings = {
				ALWAYS_SEARCH_USER_PATHS = NO;
				CLANG_CXX_LANGUAGE_STANDARD = "gnu++0x";
				CLANG_CXX_LIBRARY = "libc++";
				CLANG_ENABLE_MODULES = YES;
				CLANG_ENABLE_OBJC_ARC = YES;
				CLANG_WARN_BOOL_CONVERSION = YES;
				CLANG_WARN_CONSTANT_CONVERSION = YES;
				CLANG_WARN_DIRECT_OBJC_ISA_USAGE = YES_ERROR;
				CLANG_WARN_EMPTY_BODY = YES;
				CLANG_WARN_ENUM_CONVERSION = YES;
				CLANG_WARN_INT_CONVERSION = YES;
				CLANG_WARN_OBJC_ROOT_CLASS = YES_ERROR;
				CLANG_WARN_UNREACHABLE_CODE = YES;
				CLANG_WARN__DUPLICATE_METHOD_MATCH = YES;
				"CODE_SIGN_IDENTITY[sdk=iphoneos*]" = "iPhone Developer";
				COPY_PHASE_STRIP = NO;
				ENABLE_NS_ASSERTIONS = NO;
				ENABLE_STRICT_OBJC_MSGSEND = YES;
				GCC_C_LANGUAGE_STANDARD = gnu99;
				GCC_WARN_64_TO_32_BIT_CONVERSION = YES;
				GCC_WARN_ABOUT_RETURN_TYPE = YES_ERROR;
				GCC_WARN_UNDECLARED_SELECTOR = YES;
				GCC_WARN_UNINITIALIZED_AUTOS = YES_AGGRESSIVE;
				GCC_WARN_UNUSED_FUNCTION = YES;
				GCC_WARN_UNUSED_VARIABLE = YES;
				IPHONEOS_DEPLOYMENT_TARGET = 8.2;
				MTL_ENABLE_DEBUG_INFO = NO;
				SDKROOT = iphoneos;
				TARGETED_DEVICE_FAMILY = "1,2";
				VALIDATE_PRODUCT = YES;
			};
			name = Release;
		};
		83CC4F271AD0BDBA00712832 /* Debug */ = {
			isa = XCBuildConfiguration;
			buildSettings = {
				ASSETCATALOG_COMPILER_APPICON_NAME = AppIcon;
				INFOPLIST_FILE = Postcard2/Info.plist;
				LD_RUNPATH_SEARCH_PATHS = "$(inherited) @executable_path/Frameworks";
				PRODUCT_NAME = "$(TARGET_NAME)";
			};
			name = Debug;
		};
		83CC4F281AD0BDBA00712832 /* Release */ = {
			isa = XCBuildConfiguration;
			buildSettings = {
				ASSETCATALOG_COMPILER_APPICON_NAME = AppIcon;
				INFOPLIST_FILE = Postcard2/Info.plist;
				LD_RUNPATH_SEARCH_PATHS = "$(inherited) @executable_path/Frameworks";
				PRODUCT_NAME = "$(TARGET_NAME)";
			};
			name = Release;
		};
		83CC4F2A1AD0BDBA00712832 /* Debug */ = {
			isa = XCBuildConfiguration;
			buildSettings = {
				BUNDLE_LOADER = "$(TEST_HOST)";
				FRAMEWORK_SEARCH_PATHS = (
					"$(SDKROOT)/Developer/Library/Frameworks",
					"$(inherited)",
				);
				GCC_PREPROCESSOR_DEFINITIONS = (
					"DEBUG=1",
					"$(inherited)",
				);
				INFOPLIST_FILE = Postcard2Tests/Info.plist;
				LD_RUNPATH_SEARCH_PATHS = "$(inherited) @executable_path/Frameworks @loader_path/Frameworks";
				PRODUCT_NAME = "$(TARGET_NAME)";
				TEST_HOST = "$(BUILT_PRODUCTS_DIR)/Postcard2.app/Postcard2";
			};
			name = Debug;
		};
		83CC4F2B1AD0BDBA00712832 /* Release */ = {
			isa = XCBuildConfiguration;
			buildSettings = {
				BUNDLE_LOADER = "$(TEST_HOST)";
				FRAMEWORK_SEARCH_PATHS = (
					"$(SDKROOT)/Developer/Library/Frameworks",
					"$(inherited)",
				);
				INFOPLIST_FILE = Postcard2Tests/Info.plist;
				LD_RUNPATH_SEARCH_PATHS = "$(inherited) @executable_path/Frameworks @loader_path/Frameworks";
				PRODUCT_NAME = "$(TARGET_NAME)";
				TEST_HOST = "$(BUILT_PRODUCTS_DIR)/Postcard2.app/Postcard2";
			};
			name = Release;
		};
/* End XCBuildConfiguration section */

/* Begin XCConfigurationList section */
		83CC4F021AD0BDBA00712832 /* Build configuration list for PBXProject "Postcard2" */ = {
			isa = XCConfigurationList;
			buildConfigurations = (
				83CC4F241AD0BDBA00712832 /* Debug */,
				83CC4F251AD0BDBA00712832 /* Release */,
			);
			defaultConfigurationIsVisible = 0;
			defaultConfigurationName = Release;
		};
		83CC4F261AD0BDBA00712832 /* Build configuration list for PBXNativeTarget "Postcard2" */ = {
			isa = XCConfigurationList;
			buildConfigurations = (
				83CC4F271AD0BDBA00712832 /* Debug */,
				83CC4F281AD0BDBA00712832 /* Release */,
			);
			defaultConfigurationIsVisible = 0;
		};
		83CC4F291AD0BDBA00712832 /* Build configuration list for PBXNativeTarget "Postcard2Tests" */ = {
			isa = XCConfigurationList;
			buildConfigurations = (
				83CC4F2A1AD0BDBA00712832 /* Debug */,
				83CC4F2B1AD0BDBA00712832 /* Release */,
			);
			defaultConfigurationIsVisible = 0;
		};
/* End XCConfigurationList section */
	};
	rootObject = 83CC4EFF1AD0BDBA00712832 /* Project object */;
}
